
Microsoft Visual Studio Solution File, Format Version 12.00
# Visual Studio Version 17
VisualStudioVersion = 17.3.32819.101
MinimumVisualStudioVersion = 10.0.40219.1
Project("{FAE04EC0-301F-11D3-BF4B-00C04F79EFBC}") = "TestingClientHeaderAuthorization", "TestingClientHeaderAuthorization\TestingClientHeaderAuthorization.csproj", "{89A8375C-C7B4-4CCB-AD90-C76F99F7F43B}"
EndProject
Global
	GlobalSection(SolutionConfigurationPlatforms) = preSolution
		Debug|Any CPU = Debug|Any CPU
		Release|Any CPU = Release|Any CPU
	EndGlobalSection
	GlobalSection(ProjectConfigurationPlatforms) = postSolution
		{89A8375C-C7B4-4CCB-AD90-C76F99F7F43B}.Debug|Any CPU.ActiveCfg = Debug|Any CPU
		{89A8375C-C7B4-4CCB-AD90-C76F99F7F43B}.Debug|Any CPU.Build.0 = Debug|Any CPU
		{89A8375C-C7B4-4CCB-AD90-C76F99F7F43B}.Release|Any CPU.ActiveCfg = Release|Any CPU
		{89A8375C-C7B4-4CCB-AD90-C76F99F7F43B}.Release|Any CPU.Build.0 = Release|Any CPU
	EndGlobalSection
	GlobalSection(SolutionProperties) = preSolution
		HideSolutionNode = FALSE
	EndGlobalSection
	GlobalSection(ExtensibilityGlobals) = postSolution
		SolutionGuid = {7B698CF4-7FF7-486A-B9A6-5F2E062B0316}
	EndGlobalSection
EndGlobal
